
Microsoft Visual Studio Solution File, Format Version 12.00
# Visual Studio Version 17
VisualStudioVersion = 17.0.31903.59
MinimumVisualStudioVersion = 10.0.40219.1
Project("{FAE04EC0-301F-11D3-BF4B-00C04F79EFBC}") = "Mazer", "Mazer\Mazer.csproj", "{31D33F2C-FCBA-42C2-BE2D-5D23EB3F1D24}"
EndProject
Project("{FAE04EC0-301F-11D3-BF4B-00C04F79EFBC}") = "Mazer.Tests", "Mazer.Tests\Mazer.Tests.csproj", "{1C9A5952-DAE4-4E93-8BD7-53DA557C166A}"
EndProject
Global
	GlobalSection(SolutionConfigurationPlatforms) = preSolution
		Debug|Any CPU = Debug|Any CPU
		Release|Any CPU = Release|Any CPU
	EndGlobalSection
	GlobalSection(SolutionProperties) = preSolution
		HideSolutionNode = FALSE
	EndGlobalSection
	GlobalSection(ProjectConfigurationPlatforms) = postSolution
		{31D33F2C-FCBA-42C2-BE2D-5D23EB3F1D24}.Debug|Any CPU.ActiveCfg = Debug|Any CPU
		{31D33F2C-FCBA-42C2-BE2D-5D23EB3F1D24}.Debug|Any CPU.Build.0 = Debug|Any CPU
		{31D33F2C-FCBA-42C2-BE2D-5D23EB3F1D24}.Release|Any CPU.ActiveCfg = Release|Any CPU
		{31D33F2C-FCBA-42C2-BE2D-5D23EB3F1D24}.Release|Any CPU.Build.0 = Release|Any CPU
		{1C9A5952-DAE4-4E93-8BD7-53DA557C166A}.Debug|Any CPU.ActiveCfg = Debug|Any CPU
		{1C9A5952-DAE4-4E93-8BD7-53DA557C166A}.Debug|Any CPU.Build.0 = Debug|Any CPU
		{1C9A5952-DAE4-4E93-8BD7-53DA557C166A}.Release|Any CPU.ActiveCfg = Release|Any CPU
		{1C9A5952-DAE4-4E93-8BD7-53DA557C166A}.Release|Any CPU.Build.0 = Release|Any CPU
	EndGlobalSection
EndGlobal
